
Microsoft Visual Studio Solution File, Format Version 12.00
# Visual Studio 15
Project("{FAE04EC0-301F-11D3-BF4B-00C04F79EFBC}") = "Assembly-CSharp", "Assembly-CSharp.csproj", "{539E8B93-CAFE-5D43-6315-D0925B8B9E33}"
EndProject
Project("{FAE04EC0-301F-11D3-BF4B-00C04F79EFBC}") = "Assembly-CSharp-Editor", "Assembly-CSharp-Editor.csproj", "{408F267C-7E5F-E41E-2A2C-17779B8501FB}"
EndProject
Global
	GlobalSection(SolutionConfigurationPlatforms) = preSolution
		Debug|Any CPU = Debug|Any CPU
		Release|Any CPU = Release|Any CPU
	EndGlobalSection
	GlobalSection(ProjectConfigurationPlatforms) = postSolution
		{539E8B93-CAFE-5D43-6315-D0925B8B9E33}.Debug|Any CPU.ActiveCfg = Debug|Any CPU
		{539E8B93-CAFE-5D43-6315-D0925B8B9E33}.Debug|Any CPU.Build.0 = Debug|Any CPU
		{539E8B93-CAFE-5D43-6315-D0925B8B9E33}.Release|Any CPU.ActiveCfg = Release|Any CPU
		{539E8B93-CAFE-5D43-6315-D0925B8B9E33}.Release|Any CPU.Build.0 = Release|Any CPU
		{408F267C-7E5F-E41E-2A2C-17779B8501FB}.Debug|Any CPU.ActiveCfg = Debug|Any CPU
		{408F267C-7E5F-E41E-2A2C-17779B8501FB}.Debug|Any CPU.Build.0 = Debug|Any CPU
		{408F267C-7E5F-E41E-2A2C-17779B8501FB}.Release|Any CPU.ActiveCfg = Release|Any CPU
		{408F267C-7E5F-E41E-2A2C-17779B8501FB}.Release|Any CPU.Build.0 = Release|Any CPU
	EndGlobalSection
	GlobalSection(SolutionProperties) = preSolution
		HideSolutionNode = FALSE
	EndGlobalSection
EndGlobal
